
Microsoft Visual Studio Solution File, Format Version 12.00
# Visual Studio Version 16
VisualStudioVersion = 16.0.31112.23
MinimumVisualStudioVersion = 10.0.40219.1
Project("{FAE04EC0-301F-11D3-BF4B-00C04F79EFBC}") = "ConsoleApp1111", "ConsoleApp1111.csproj", "{BE51B91B-1674-4C66-BED5-E4E025DF1C3F}"
EndProject
Global
	GlobalSection(SolutionConfigurationPlatforms) = preSolution
		Debug|Any CPU = Debug|Any CPU
		Release|Any CPU = Release|Any CPU
	EndGlobalSection
	GlobalSection(ProjectConfigurationPlatforms) = postSolution
		{BE51B91B-1674-4C66-BED5-E4E025DF1C3F}.Debug|Any CPU.ActiveCfg = Debug|Any CPU
		{BE51B91B-1674-4C66-BED5-E4E025DF1C3F}.Debug|Any CPU.Build.0 = Debug|Any CPU
		{BE51B91B-1674-4C66-BED5-E4E025DF1C3F}.Release|Any CPU.ActiveCfg = Release|Any CPU
		{BE51B91B-1674-4C66-BED5-E4E025DF1C3F}.Release|Any CPU.Build.0 = Release|Any CPU
	EndGlobalSection
	GlobalSection(SolutionProperties) = preSolution
		HideSolutionNode = FALSE
	EndGlobalSection
	GlobalSection(ExtensibilityGlobals) = postSolution
		SolutionGuid = {74A68164-22DF-4148-98FF-6E89483F6BB0}
	EndGlobalSection
EndGlobal
